Microsoft Visual Studio Solution File, Format Version 12.00
# Rail Factory Manager - Microservices (docs/08_Development_Order.md)
Project("{2150E333-8FDC-42A3-9474-1A3956D46DE8}") = "src", "src", "{A1B2C3D4-0001-4000-8000-000000000001}"
EndProject
Project("{9A19103F-16F7-4668-BE54-9A1E7A4F7556}") = "RailFactory.Shared", "src\RailFactory.Shared\RailFactory.Shared.csproj", "{A1B2C3D4-0001-4000-8000-000000000010}"
EndProject
Project("{9A19103F-16F7-4668-BE54-9A1E7A4F7556}") = "RailFactory.TenantResolution", "src\RailFactory.TenantResolution\RailFactory.TenantResolution.csproj", "{A1B2C3D4-0001-4000-8000-000000000015}"
EndProject
Project("{9A19103F-16F7-4668-BE54-9A1E7A4F7556}") = "RailFactory.IAM", "src\RailFactory.IAM\RailFactory.IAM.csproj", "{A1B2C3D4-0001-4000-8000-000000000020}"
EndProject
Project("{9A19103F-16F7-4668-BE54-9A1E7A4F7556}") = "RailFactory.Production", "src\RailFactory.Production\RailFactory.Production.csproj", "{A1B2C3D4-0001-4000-8000-000000000030}"
EndProject
Project("{9A19103F-16F7-4668-BE54-9A1E7A4F7556}") = "RailFactory.SupplyChain", "src\RailFactory.SupplyChain\RailFactory.SupplyChain.csproj", "{A1B2C3D4-0001-4000-8000-000000000040}"
EndProject
Project("{9A19103F-16F7-4668-BE54-9A1E7A4F7556}") = "RailFactory.Logistics", "src\RailFactory.Logistics\RailFactory.Logistics.csproj", "{A1B2C3D4-0001-4000-8000-000000000050}"
EndProject
Project("{9A19103F-16F7-4668-BE54-9A1E7A4F7556}") = "RailFactory.Fleet", "src\RailFactory.Fleet\RailFactory.Fleet.csproj", "{A1B2C3D4-0001-4000-8000-000000000060}"
EndProject
Project("{9A19103F-16F7-4668-BE54-9A1E7A4F7556}") = "RailFactory.HCM", "src\RailFactory.HCM\RailFactory.HCM.csproj", "{A1B2C3D4-0001-4000-8000-000000000070}"
EndProject
Project("{9A19103F-16F7-4668-BE54-9A1E7A4F7556}") = "RailFactory.Dashboard", "src\RailFactory.Dashboard\RailFactory.Dashboard.csproj", "{A1B2C3D4-0001-4000-8000-000000000080}"
EndProject
Global
	GlobalSection(SolutionConfigurationPlatforms) = preSolution
		Debug|Any CPU = Debug|Any CPU
		Release|Any CPU = Release|Any CPU
	EndGlobalSection
	GlobalSection(ProjectConfigurationPlatforms) = postSolution
		{A1B2C3D4-0001-4000-8000-000000000010}.Debug|Any CPU.ActiveCfg = Debug|Any CPU
		{A1B2C3D4-0001-4000-8000-000000000010}.Debug|Any CPU.Build.0 = Debug|Any CPU
		{A1B2C3D4-0001-4000-8000-000000000010}.Release|Any CPU.ActiveCfg = Release|Any CPU
		{A1B2C3D4-0001-4000-8000-000000000010}.Release|Any CPU.Build.0 = Release|Any CPU
		{A1B2C3D4-0001-4000-8000-000000000015}.Debug|Any CPU.ActiveCfg = Debug|Any CPU
		{A1B2C3D4-0001-4000-8000-000000000015}.Debug|Any CPU.Build.0 = Debug|Any CPU
		{A1B2C3D4-0001-4000-8000-000000000015}.Release|Any CPU.ActiveCfg = Release|Any CPU
		{A1B2C3D4-0001-4000-8000-000000000015}.Release|Any CPU.Build.0 = Release|Any CPU
		{A1B2C3D4-0001-4000-8000-000000000020}.Debug|Any CPU.ActiveCfg = Debug|Any CPU
		{A1B2C3D4-0001-4000-8000-000000000020}.Debug|Any CPU.Build.0 = Debug|Any CPU
		{A1B2C3D4-0001-4000-8000-000000000020}.Release|Any CPU.ActiveCfg = Release|Any CPU
		{A1B2C3D4-0001-4000-8000-000000000020}.Release|Any CPU.Build.0 = Release|Any CPU
		{A1B2C3D4-0001-4000-8000-000000000030}.Debug|Any CPU.ActiveCfg = Debug|Any CPU
		{A1B2C3D4-0001-4000-8000-000000000030}.Debug|Any CPU.Build.0 = Debug|Any CPU
		{A1B2C3D4-0001-4000-8000-000000000030}.Release|Any CPU.ActiveCfg = Release|Any CPU
		{A1B2C3D4-0001-4000-8000-000000000030}.Release|Any CPU.Build.0 = Release|Any CPU
		{A1B2C3D4-0001-4000-8000-000000000040}.Debug|Any CPU.ActiveCfg = Debug|Any CPU
		{A1B2C3D4-0001-4000-8000-000000000040}.Debug|Any CPU.Build.0 = Debug|Any CPU
		{A1B2C3D4-0001-4000-8000-000000000040}.Release|Any CPU.ActiveCfg = Release|Any CPU
		{A1B2C3D4-0001-4000-8000-000000000040}.Release|Any CPU.Build.0 = Release|Any CPU
		{A1B2C3D4-0001-4000-8000-000000000050}.Debug|Any CPU.ActiveCfg = Debug|Any CPU
		{A1B2C3D4-0001-4000-8000-000000000050}.Debug|Any CPU.Build.0 = Debug|Any CPU
		{A1B2C3D4-0001-4000-8000-000000000050}.Release|Any CPU.ActiveCfg = Release|Any CPU
		{A1B2C3D4-0001-4000-8000-000000000050}.Release|Any CPU.Build.0 = Release|Any CPU
		{A1B2C3D4-0001-4000-8000-000000000060}.Debug|Any CPU.ActiveCfg = Debug|Any CPU
		{A1B2C3D4-0001-4000-8000-000000000060}.Debug|Any CPU.Build.0 = Debug|Any CPU
		{A1B2C3D4-0001-4000-8000-000000000060}.Release|Any CPU.ActiveCfg = Release|Any CPU
		{A1B2C3D4-0001-4000-8000-000000000060}.Release|Any CPU.Build.0 = Release|Any CPU
		{A1B2C3D4-0001-4000-8000-000000000070}.Debug|Any CPU.ActiveCfg = Debug|Any CPU
		{A1B2C3D4-0001-4000-8000-000000000070}.Debug|Any CPU.Build.0 = Debug|Any CPU
		{A1B2C3D4-0001-4000-8000-000000000070}.Release|Any CPU.ActiveCfg = Release|Any CPU
		{A1B2C3D4-0001-4000-8000-000000000070}.Release|Any CPU.Build.0 = Release|Any CPU
		{A1B2C3D4-0001-4000-8000-000000000080}.Debug|Any CPU.ActiveCfg = Debug|Any CPU
		{A1B2C3D4-0001-4000-8000-000000000080}.Debug|Any CPU.Build.0 = Debug|Any CPU
		{A1B2C3D4-0001-4000-8000-000000000080}.Release|Any CPU.ActiveCfg = Release|Any CPU
		{A1B2C3D4-0001-4000-8000-000000000080}.Release|Any CPU.Build.0 = Release|Any CPU
	EndGlobalSection
	GlobalSection(SolutionProperties) = preSolution
		HideSolutionNode = FALSE
	EndGlobalSection
	GlobalSection(NestedProjects) = preSolution
		{A1B2C3D4-0001-4000-8000-000000000010} = {A1B2C3D4-0001-4000-8000-000000000001}
		{A1B2C3D4-0001-4000-8000-000000000015} = {A1B2C3D4-0001-4000-8000-000000000001}
		{A1B2C3D4-0001-4000-8000-000000000020} = {A1B2C3D4-0001-4000-8000-000000000001}
		{A1B2C3D4-0001-4000-8000-000000000030} = {A1B2C3D4-0001-4000-8000-000000000001}
		{A1B2C3D4-0001-4000-8000-000000000040} = {A1B2C3D4-0001-4000-8000-000000000001}
		{A1B2C3D4-0001-4000-8000-000000000050} = {A1B2C3D4-0001-4000-8000-000000000001}
		{A1B2C3D4-0001-4000-8000-000000000060} = {A1B2C3D4-0001-4000-8000-000000000001}
		{A1B2C3D4-0001-4000-8000-000000000070} = {A1B2C3D4-0001-4000-8000-000000000001}
		{A1B2C3D4-0001-4000-8000-000000000080} = {A1B2C3D4-0001-4000-8000-000000000001}
	EndGlobalSection
EndGlobal
